
Microsoft Visual Studio Solution File, Format Version 12.00
# Visual Studio Version 17
VisualStudioVersion = 17.9.34723.18
MinimumVisualStudioVersion = 10.0.40219.1
Project("{FAE04EC0-301F-11D3-BF4B-00C04F79EFBC}") = "Day3demo", "Day3demo\Day3demo.csproj", "{E708BB7B-4D3A-43D3-9E6A-8189C7746B50}"
EndProject
Project("{FAE04EC0-301F-11D3-BF4B-00C04F79EFBC}") = "GreatestNumber", "GreatestNumber\GreatestNumber.csproj", "{A348BFC2-1190-4922-9C43-CC3A175E91FD}"
EndProject
Project("{FAE04EC0-301F-11D3-BF4B-00C04F79EFBC}") = "Averageofnumbers", "Averageofnumbers\Averageofnumbers.csproj", "{BAC49EBA-FE27-4BCD-9898-9690B55BBF8F}"
EndProject
Project("{FAE04EC0-301F-11D3-BF4B-00C04F79EFBC}") = "lengthofname", "lengthofname\lengthofname.csproj", "{627AC4CE-6CB6-4373-92C4-63C8CC780397}"
EndProject
Project("{FAE04EC0-301F-11D3-BF4B-00C04F79EFBC}") = "UsernamePasswordValid", "UsernamePasswordValid\UsernamePasswordValid.csproj", "{C827853C-5448-4F39-8D12-30A5B277B7D8}"
EndProject
Project("{FAE04EC0-301F-11D3-BF4B-00C04F79EFBC}") = "repeatingvowels", "repeatingvowels\repeatingvowels.csproj", "{AE6CD19A-65F1-4AAE-A397-27FF43B2D670}"
EndProject
Global
	GlobalSection(SolutionConfigurationPlatforms) = preSolution
		Debug|Any CPU = Debug|Any CPU
		Release|Any CPU = Release|Any CPU
	EndGlobalSection
	GlobalSection(ProjectConfigurationPlatforms) = postSolution
		{E708BB7B-4D3A-43D3-9E6A-8189C7746B50}.Debug|Any CPU.ActiveCfg = Debug|Any CPU
		{E708BB7B-4D3A-43D3-9E6A-8189C7746B50}.Debug|Any CPU.Build.0 = Debug|Any CPU
		{E708BB7B-4D3A-43D3-9E6A-8189C7746B50}.Release|Any CPU.ActiveCfg = Release|Any CPU
		{E708BB7B-4D3A-43D3-9E6A-8189C7746B50}.Release|Any CPU.Build.0 = Release|Any CPU
		{A348BFC2-1190-4922-9C43-CC3A175E91FD}.Debug|Any CPU.ActiveCfg = Debug|Any CPU
		{A348BFC2-1190-4922-9C43-CC3A175E91FD}.Debug|Any CPU.Build.0 = Debug|Any CPU
		{A348BFC2-1190-4922-9C43-CC3A175E91FD}.Release|Any CPU.ActiveCfg = Release|Any CPU
		{A348BFC2-1190-4922-9C43-CC3A175E91FD}.Release|Any CPU.Build.0 = Release|Any CPU
		{BAC49EBA-FE27-4BCD-9898-9690B55BBF8F}.Debug|Any CPU.ActiveCfg = Debug|Any CPU
		{BAC49EBA-FE27-4BCD-9898-9690B55BBF8F}.Debug|Any CPU.Build.0 = Debug|Any CPU
		{BAC49EBA-FE27-4BCD-9898-9690B55BBF8F}.Release|Any CPU.ActiveCfg = Release|Any CPU
		{BAC49EBA-FE27-4BCD-9898-9690B55BBF8F}.Release|Any CPU.Build.0 = Release|Any CPU
		{627AC4CE-6CB6-4373-92C4-63C8CC780397}.Debug|Any CPU.ActiveCfg = Debug|Any CPU
		{627AC4CE-6CB6-4373-92C4-63C8CC780397}.Debug|Any CPU.Build.0 = Debug|Any CPU
		{627AC4CE-6CB6-4373-92C4-63C8CC780397}.Release|Any CPU.ActiveCfg = Release|Any CPU
		{627AC4CE-6CB6-4373-92C4-63C8CC780397}.Release|Any CPU.Build.0 = Release|Any CPU
		{C827853C-5448-4F39-8D12-30A5B277B7D8}.Debug|Any CPU.ActiveCfg = Debug|Any CPU
		{C827853C-5448-4F39-8D12-30A5B277B7D8}.Debug|Any CPU.Build.0 = Debug|Any CPU
		{C827853C-5448-4F39-8D12-30A5B277B7D8}.Release|Any CPU.ActiveCfg = Release|Any CPU
		{C827853C-5448-4F39-8D12-30A5B277B7D8}.Release|Any CPU.Build.0 = Release|Any CPU
		{AE6CD19A-65F1-4AAE-A397-27FF43B2D670}.Debug|Any CPU.ActiveCfg = Debug|Any CPU
		{AE6CD19A-65F1-4AAE-A397-27FF43B2D670}.Debug|Any CPU.Build.0 = Debug|Any CPU
		{AE6CD19A-65F1-4AAE-A397-27FF43B2D670}.Release|Any CPU.ActiveCfg = Release|Any CPU
		{AE6CD19A-65F1-4AAE-A397-27FF43B2D670}.Release|Any CPU.Build.0 = Release|Any CPU
	EndGlobalSection
	GlobalSection(SolutionProperties) = preSolution
		HideSolutionNode = FALSE
	EndGlobalSection
	GlobalSection(ExtensibilityGlobals) = postSolution
		SolutionGuid = {319AFD88-D28C-4175-AAFA-9B43819A85CC}
	EndGlobalSection
EndGlobal
