
Microsoft Visual Studio Solution File, Format Version 12.00
# Visual Studio Version 17
VisualStudioVersion = 17.9.34723.18
MinimumVisualStudioVersion = 10.0.40219.1
Project("{9A19103F-16F7-4668-BE54-9A1E7A4F7556}") = "EmployeeRequestTrackerAPI", "EmployeeRequestTrackerAPI\EmployeeRequestTrackerAPI.csproj", "{DD91DA15-CEE5-41F3-84B5-ADA26916DFA3}"
EndProject
Project("{FAE04EC0-301F-11D3-BF4B-00C04F79EFBC}") = "TokenServiceTest", "TokenServiceTest\TokenServiceTest.csproj", "{31595D17-6279-498B-8619-6C97A09E3BE3}"
EndProject
Global
	GlobalSection(SolutionConfigurationPlatforms) = preSolution
		Debug|Any CPU = Debug|Any CPU
		Release|Any CPU = Release|Any CPU
	EndGlobalSection
	GlobalSection(ProjectConfigurationPlatforms) = postSolution
		{DD91DA15-CEE5-41F3-84B5-ADA26916DFA3}.Debug|Any CPU.ActiveCfg = Debug|Any CPU
		{DD91DA15-CEE5-41F3-84B5-ADA26916DFA3}.Debug|Any CPU.Build.0 = Debug|Any CPU
		{DD91DA15-CEE5-41F3-84B5-ADA26916DFA3}.Release|Any CPU.ActiveCfg = Release|Any CPU
		{DD91DA15-CEE5-41F3-84B5-ADA26916DFA3}.Release|Any CPU.Build.0 = Release|Any CPU
		{31595D17-6279-498B-8619-6C97A09E3BE3}.Debug|Any CPU.ActiveCfg = Debug|Any CPU
		{31595D17-6279-498B-8619-6C97A09E3BE3}.Debug|Any CPU.Build.0 = Debug|Any CPU
		{31595D17-6279-498B-8619-6C97A09E3BE3}.Release|Any CPU.ActiveCfg = Release|Any CPU
		{31595D17-6279-498B-8619-6C97A09E3BE3}.Release|Any CPU.Build.0 = Release|Any CPU
	EndGlobalSection
	GlobalSection(SolutionProperties) = preSolution
		HideSolutionNode = FALSE
	EndGlobalSection
	GlobalSection(ExtensibilityGlobals) = postSolution
		SolutionGuid = {19033796-B1F2-41F3-98E0-5C8EB77208FB}
	EndGlobalSection
EndGlobal
