
Microsoft Visual Studio Solution File, Format Version 12.00
# Visual Studio Version 17
VisualStudioVersion = 17.9.34723.18
MinimumVisualStudioVersion = 10.0.40219.1
Project("{FAE04EC0-301F-11D3-BF4B-00C04F79EFBC}") = "MinDepthTree", "LeetcodeProblems\MinDepthTree.csproj", "{7BA8BB28-F576-4508-BF67-87F5A0CF9F05}"
EndProject
Project("{FAE04EC0-301F-11D3-BF4B-00C04F79EFBC}") = "HasCycle", "HasCycle\HasCycle.csproj", "{922A9C2F-4FE3-4DD5-B57E-03CE5250E235}"
EndProject
Project("{FAE04EC0-301F-11D3-BF4B-00C04F79EFBC}") = "ExcelName", "ExcelName\ExcelName.csproj", "{230F8079-D593-40E3-A36F-F057E247D5ED}"
EndProject
Global
	GlobalSection(SolutionConfigurationPlatforms) = preSolution
		Debug|Any CPU = Debug|Any CPU
		Release|Any CPU = Release|Any CPU
	EndGlobalSection
	GlobalSection(ProjectConfigurationPlatforms) = postSolution
		{7BA8BB28-F576-4508-BF67-87F5A0CF9F05}.Debug|Any CPU.ActiveCfg = Debug|Any CPU
		{7BA8BB28-F576-4508-BF67-87F5A0CF9F05}.Debug|Any CPU.Build.0 = Debug|Any CPU
		{7BA8BB28-F576-4508-BF67-87F5A0CF9F05}.Release|Any CPU.ActiveCfg = Release|Any CPU
		{7BA8BB28-F576-4508-BF67-87F5A0CF9F05}.Release|Any CPU.Build.0 = Release|Any CPU
		{922A9C2F-4FE3-4DD5-B57E-03CE5250E235}.Debug|Any CPU.ActiveCfg = Debug|Any CPU
		{922A9C2F-4FE3-4DD5-B57E-03CE5250E235}.Debug|Any CPU.Build.0 = Debug|Any CPU
		{922A9C2F-4FE3-4DD5-B57E-03CE5250E235}.Release|Any CPU.ActiveCfg = Release|Any CPU
		{922A9C2F-4FE3-4DD5-B57E-03CE5250E235}.Release|Any CPU.Build.0 = Release|Any CPU
		{230F8079-D593-40E3-A36F-F057E247D5ED}.Debug|Any CPU.ActiveCfg = Debug|Any CPU
		{230F8079-D593-40E3-A36F-F057E247D5ED}.Debug|Any CPU.Build.0 = Debug|Any CPU
		{230F8079-D593-40E3-A36F-F057E247D5ED}.Release|Any CPU.ActiveCfg = Release|Any CPU
		{230F8079-D593-40E3-A36F-F057E247D5ED}.Release|Any CPU.Build.0 = Release|Any CPU
	EndGlobalSection
	GlobalSection(SolutionProperties) = preSolution
		HideSolutionNode = FALSE
	EndGlobalSection
	GlobalSection(ExtensibilityGlobals) = postSolution
		SolutionGuid = {DE00E31C-75D0-4576-A64C-A31054F296BB}
	EndGlobalSection
EndGlobal
