
Microsoft Visual Studio Solution File, Format Version 12.00
# Visual Studio Version 17
VisualStudioVersion = 17.9.34723.18
MinimumVisualStudioVersion = 10.0.40219.1
Project("{9A19103F-16F7-4668-BE54-9A1E7A4F7556}") = "ClinicAppointmentApp", "ClinicAppointmentApp\ClinicAppointmentApp.csproj", "{A7622954-1F30-40D4-A835-68574E6365F6}"
EndProject
Project("{9A19103F-16F7-4668-BE54-9A1E7A4F7556}") = "ClinicAppointmentModelLibrary", "ClinicAppointmentModelLibrary\ClinicAppointmentModelLibrary.csproj", "{0ED9234D-E383-4059-B011-4572B6A38645}"
EndProject
Project("{9A19103F-16F7-4668-BE54-9A1E7A4F7556}") = "ClientAppointmentDALLibrary", "ClientAppointmentDALLibrary\ClientAppointmentDALLibrary.csproj", "{F2612356-6FF4-4634-BC8B-89F61261EED2}"
EndProject
Project("{9A19103F-16F7-4668-BE54-9A1E7A4F7556}") = "ClinicAppointmentBLLibrary", "ClinicAppointmentBLLibrary\ClinicAppointmentBLLibrary.csproj", "{4E242087-32D7-4600-AEBD-110DBDF44674}"
EndProject
Project("{FAE04EC0-301F-11D3-BF4B-00C04F79EFBC}") = "ClinicAppointmentBlTest", "ClinicAppointmentBlTest\ClinicAppointmentBlTest.csproj", "{A4C84870-4B23-4716-A6CC-65ED15BE063F}"
EndProject
Global
	GlobalSection(SolutionConfigurationPlatforms) = preSolution
		Debug|Any CPU = Debug|Any CPU
		Release|Any CPU = Release|Any CPU
	EndGlobalSection
	GlobalSection(ProjectConfigurationPlatforms) = postSolution
		{A7622954-1F30-40D4-A835-68574E6365F6}.Debug|Any CPU.ActiveCfg = Debug|Any CPU
		{A7622954-1F30-40D4-A835-68574E6365F6}.Debug|Any CPU.Build.0 = Debug|Any CPU
		{A7622954-1F30-40D4-A835-68574E6365F6}.Release|Any CPU.ActiveCfg = Release|Any CPU
		{A7622954-1F30-40D4-A835-68574E6365F6}.Release|Any CPU.Build.0 = Release|Any CPU
		{0ED9234D-E383-4059-B011-4572B6A38645}.Debug|Any CPU.ActiveCfg = Debug|Any CPU
		{0ED9234D-E383-4059-B011-4572B6A38645}.Debug|Any CPU.Build.0 = Debug|Any CPU
		{0ED9234D-E383-4059-B011-4572B6A38645}.Release|Any CPU.ActiveCfg = Release|Any CPU
		{0ED9234D-E383-4059-B011-4572B6A38645}.Release|Any CPU.Build.0 = Release|Any CPU
		{F2612356-6FF4-4634-BC8B-89F61261EED2}.Debug|Any CPU.ActiveCfg = Debug|Any CPU
		{F2612356-6FF4-4634-BC8B-89F61261EED2}.Debug|Any CPU.Build.0 = Debug|Any CPU
		{F2612356-6FF4-4634-BC8B-89F61261EED2}.Release|Any CPU.ActiveCfg = Release|Any CPU
		{F2612356-6FF4-4634-BC8B-89F61261EED2}.Release|Any CPU.Build.0 = Release|Any CPU
		{4E242087-32D7-4600-AEBD-110DBDF44674}.Debug|Any CPU.ActiveCfg = Debug|Any CPU
		{4E242087-32D7-4600-AEBD-110DBDF44674}.Debug|Any CPU.Build.0 = Debug|Any CPU
		{4E242087-32D7-4600-AEBD-110DBDF44674}.Release|Any CPU.ActiveCfg = Release|Any CPU
		{4E242087-32D7-4600-AEBD-110DBDF44674}.Release|Any CPU.Build.0 = Release|Any CPU
		{A4C84870-4B23-4716-A6CC-65ED15BE063F}.Debug|Any CPU.ActiveCfg = Debug|Any CPU
		{A4C84870-4B23-4716-A6CC-65ED15BE063F}.Debug|Any CPU.Build.0 = Debug|Any CPU
		{A4C84870-4B23-4716-A6CC-65ED15BE063F}.Release|Any CPU.ActiveCfg = Release|Any CPU
		{A4C84870-4B23-4716-A6CC-65ED15BE063F}.Release|Any CPU.Build.0 = Release|Any CPU
	EndGlobalSection
	GlobalSection(SolutionProperties) = preSolution
		HideSolutionNode = FALSE
	EndGlobalSection
	GlobalSection(ExtensibilityGlobals) = postSolution
		SolutionGuid = {40632D4B-7145-4AFE-8498-4375FAD914DD}
	EndGlobalSection
EndGlobal
